
Microsoft Visual Studio Solution File, Format Version 12.00
# Visual Studio Version 17
VisualStudioVersion = 17.0.31903.59
MinimumVisualStudioVersion = 10.0.40219.1
Project("{2150E333-8FDC-42A3-9474-1A3956D46DE8}") = "Web", "Web", "{D2AB77EF-0444-4C55-A53E-0833E045422A}"
EndProject
Project("{2150E333-8FDC-42A3-9474-1A3956D46DE8}") = "Orders", "Orders", "{86C6ED39-76EB-4C72-B00B-C86B012C6FB1}"
EndProject
Project("{2150E333-8FDC-42A3-9474-1A3956D46DE8}") = "Payments", "Payments", "{8414460E-CAC9-43D9-9559-67659A449911}"
EndProject
Project("{2150E333-8FDC-42A3-9474-1A3956D46DE8}") = "Kitchen", "Kitchen", "{39266E34-99D4-4993-8D1F-D6FBF9EED209}"
EndProject
Project("{2150E333-8FDC-42A3-9474-1A3956D46DE8}") = "Worker", "Worker", "{C8B55316-AD27-49E9-BF53-1D64A97662E3}"
EndProject
Project("{2150E333-8FDC-42A3-9474-1A3956D46DE8}") = "Notifications", "Notifications", "{1ABDF4E3-4AC8-4C2B-B1F9-97C79A5EEDCE}"
EndProject
Project("{2150E333-8FDC-42A3-9474-1A3956D46DE8}") = "Menu", "Menu", "{DB02C2E5-BE2B-49EA-ADB5-10E6A642F2C2}"
EndProject
Project("{2150E333-8FDC-42A3-9474-1A3956D46DE8}") = "SolutionItems", "SolutionItems", "{13B32E02-3FFF-4EAB-A6BA-FB4E6C37FD7B}"
	ProjectSection(SolutionItems) = preProject
		docker-compose.yml = docker-compose.yml
	EndProjectSection
EndProject
Project("{9A19103F-16F7-4668-BE54-9A1E7A4F7556}") = "WebApi", "Web\WebApi\WebApi.csproj", "{B05900E0-96B8-44EF-9843-AFC62B9E25F0}"
EndProject
Project("{9A19103F-16F7-4668-BE54-9A1E7A4F7556}") = "Web", "Web\Web\Web.csproj", "{A7E40F85-8B46-45B0-9314-5D200068EE9A}"
EndProject
Project("{9A19103F-16F7-4668-BE54-9A1E7A4F7556}") = "KitchenUi", "Web\KitchenUi\KitchenUi.csproj", "{E4786165-8FE1-4CA1-BB5B-CC1E561CBE70}"
EndProject
Project("{9A19103F-16F7-4668-BE54-9A1E7A4F7556}") = "Payments", "Payments\Payments\Payments.csproj", "{13F0422B-E6A9-41C6-979D-75842F754896}"
EndProject
Project("{9A19103F-16F7-4668-BE54-9A1E7A4F7556}") = "Payments.Contracts", "Payments\Payment.Contracts\Payments.Contracts.csproj", "{EA6D0649-E7D2-4649-92C1-4BA30DA2AF78}"
EndProject
Project("{9A19103F-16F7-4668-BE54-9A1E7A4F7556}") = "Orders", "Orders\Orders\Orders\Orders.csproj", "{C1AD17F1-BE06-4EDE-9A2E-3ACEF71CA1B6}"
EndProject
Project("{9A19103F-16F7-4668-BE54-9A1E7A4F7556}") = "Orders.Contracts", "Orders\Orders.Contracts\Orders.Contracts.csproj", "{E7B02B42-DCC8-4FA1-8B4F-057000FDDFE3}"
EndProject
Project("{9A19103F-16F7-4668-BE54-9A1E7A4F7556}") = "Orders.Tests", "Orders\Orders.Tests\Orders.Tests.csproj", "{92F3F5F2-2B2F-4325-8D99-E2C4462D9532}"
EndProject
Project("{9A19103F-16F7-4668-BE54-9A1E7A4F7556}") = "Menu", "Menu\Menu\Menu.csproj", "{F78576DC-16A3-4A98-B855-FEB6C55B862D}"
EndProject
Project("{9A19103F-16F7-4668-BE54-9A1E7A4F7556}") = "Menu.Contracts", "Menu\Menu.Contracts\Menu.Contracts.csproj", "{43FB075E-C0FA-4762-A3A3-AE87FC07A640}"
EndProject
Project("{9A19103F-16F7-4668-BE54-9A1E7A4F7556}") = "Menu.Tests", "Menu\Menu.Tests\Menu.Tests.csproj", "{70E25BAE-71A4-4541-9857-8D4FB697C04C}"
EndProject
Project("{9A19103F-16F7-4668-BE54-9A1E7A4F7556}") = "Kitchen.Contracts", "Kitchen\Kitchen.Contracts\Kitchen.Contracts.csproj", "{CA7CD51C-AE30-4EF7-9135-57071C7A193B}"
EndProject
Project("{FAE04EC0-301F-11D3-BF4B-00C04F79EFBC}") = "KItchenLib", "KItchenLib\KItchenLib.csproj", "{D2363E4A-3102-42E9-BC9A-3CCE5CEEF4A0}"
EndProject
Global
	GlobalSection(SolutionConfigurationPlatforms) = preSolution
		Debug|Any CPU = Debug|Any CPU
		Release|Any CPU = Release|Any CPU
	EndGlobalSection
	GlobalSection(ProjectConfigurationPlatforms) = postSolution
		{B05900E0-96B8-44EF-9843-AFC62B9E25F0}.Debug|Any CPU.ActiveCfg = Debug|Any CPU
		{B05900E0-96B8-44EF-9843-AFC62B9E25F0}.Debug|Any CPU.Build.0 = Debug|Any CPU
		{B05900E0-96B8-44EF-9843-AFC62B9E25F0}.Release|Any CPU.ActiveCfg = Release|Any CPU
		{B05900E0-96B8-44EF-9843-AFC62B9E25F0}.Release|Any CPU.Build.0 = Release|Any CPU
		{A7E40F85-8B46-45B0-9314-5D200068EE9A}.Debug|Any CPU.ActiveCfg = Debug|Any CPU
		{A7E40F85-8B46-45B0-9314-5D200068EE9A}.Debug|Any CPU.Build.0 = Debug|Any CPU
		{A7E40F85-8B46-45B0-9314-5D200068EE9A}.Release|Any CPU.ActiveCfg = Release|Any CPU
		{A7E40F85-8B46-45B0-9314-5D200068EE9A}.Release|Any CPU.Build.0 = Release|Any CPU
		{E4786165-8FE1-4CA1-BB5B-CC1E561CBE70}.Debug|Any CPU.ActiveCfg = Debug|Any CPU
		{E4786165-8FE1-4CA1-BB5B-CC1E561CBE70}.Debug|Any CPU.Build.0 = Debug|Any CPU
		{E4786165-8FE1-4CA1-BB5B-CC1E561CBE70}.Release|Any CPU.ActiveCfg = Release|Any CPU
		{E4786165-8FE1-4CA1-BB5B-CC1E561CBE70}.Release|Any CPU.Build.0 = Release|Any CPU
		{13F0422B-E6A9-41C6-979D-75842F754896}.Debug|Any CPU.ActiveCfg = Debug|Any CPU
		{13F0422B-E6A9-41C6-979D-75842F754896}.Debug|Any CPU.Build.0 = Debug|Any CPU
		{13F0422B-E6A9-41C6-979D-75842F754896}.Release|Any CPU.ActiveCfg = Release|Any CPU
		{13F0422B-E6A9-41C6-979D-75842F754896}.Release|Any CPU.Build.0 = Release|Any CPU
		{EA6D0649-E7D2-4649-92C1-4BA30DA2AF78}.Debug|Any CPU.ActiveCfg = Debug|Any CPU
		{EA6D0649-E7D2-4649-92C1-4BA30DA2AF78}.Debug|Any CPU.Build.0 = Debug|Any CPU
		{EA6D0649-E7D2-4649-92C1-4BA30DA2AF78}.Release|Any CPU.ActiveCfg = Release|Any CPU
		{EA6D0649-E7D2-4649-92C1-4BA30DA2AF78}.Release|Any CPU.Build.0 = Release|Any CPU
		{C1AD17F1-BE06-4EDE-9A2E-3ACEF71CA1B6}.Debug|Any CPU.ActiveCfg = Debug|Any CPU
		{C1AD17F1-BE06-4EDE-9A2E-3ACEF71CA1B6}.Debug|Any CPU.Build.0 = Debug|Any CPU
		{C1AD17F1-BE06-4EDE-9A2E-3ACEF71CA1B6}.Release|Any CPU.ActiveCfg = Release|Any CPU
		{C1AD17F1-BE06-4EDE-9A2E-3ACEF71CA1B6}.Release|Any CPU.Build.0 = Release|Any CPU
		{E7B02B42-DCC8-4FA1-8B4F-057000FDDFE3}.Debug|Any CPU.ActiveCfg = Debug|Any CPU
		{E7B02B42-DCC8-4FA1-8B4F-057000FDDFE3}.Debug|Any CPU.Build.0 = Debug|Any CPU
		{E7B02B42-DCC8-4FA1-8B4F-057000FDDFE3}.Release|Any CPU.ActiveCfg = Release|Any CPU
		{E7B02B42-DCC8-4FA1-8B4F-057000FDDFE3}.Release|Any CPU.Build.0 = Release|Any CPU
		{92F3F5F2-2B2F-4325-8D99-E2C4462D9532}.Debug|Any CPU.ActiveCfg = Debug|Any CPU
		{92F3F5F2-2B2F-4325-8D99-E2C4462D9532}.Debug|Any CPU.Build.0 = Debug|Any CPU
		{92F3F5F2-2B2F-4325-8D99-E2C4462D9532}.Release|Any CPU.ActiveCfg = Release|Any CPU
		{92F3F5F2-2B2F-4325-8D99-E2C4462D9532}.Release|Any CPU.Build.0 = Release|Any CPU
		{F78576DC-16A3-4A98-B855-FEB6C55B862D}.Debug|Any CPU.ActiveCfg = Debug|Any CPU
		{F78576DC-16A3-4A98-B855-FEB6C55B862D}.Debug|Any CPU.Build.0 = Debug|Any CPU
		{F78576DC-16A3-4A98-B855-FEB6C55B862D}.Release|Any CPU.ActiveCfg = Release|Any CPU
		{F78576DC-16A3-4A98-B855-FEB6C55B862D}.Release|Any CPU.Build.0 = Release|Any CPU
		{43FB075E-C0FA-4762-A3A3-AE87FC07A640}.Debug|Any CPU.ActiveCfg = Debug|Any CPU
		{43FB075E-C0FA-4762-A3A3-AE87FC07A640}.Debug|Any CPU.Build.0 = Debug|Any CPU
		{43FB075E-C0FA-4762-A3A3-AE87FC07A640}.Release|Any CPU.ActiveCfg = Release|Any CPU
		{43FB075E-C0FA-4762-A3A3-AE87FC07A640}.Release|Any CPU.Build.0 = Release|Any CPU
		{70E25BAE-71A4-4541-9857-8D4FB697C04C}.Debug|Any CPU.ActiveCfg = Debug|Any CPU
		{70E25BAE-71A4-4541-9857-8D4FB697C04C}.Debug|Any CPU.Build.0 = Debug|Any CPU
		{70E25BAE-71A4-4541-9857-8D4FB697C04C}.Release|Any CPU.ActiveCfg = Release|Any CPU
		{70E25BAE-71A4-4541-9857-8D4FB697C04C}.Release|Any CPU.Build.0 = Release|Any CPU
		{CA7CD51C-AE30-4EF7-9135-57071C7A193B}.Debug|Any CPU.ActiveCfg = Debug|Any CPU
		{CA7CD51C-AE30-4EF7-9135-57071C7A193B}.Debug|Any CPU.Build.0 = Debug|Any CPU
		{CA7CD51C-AE30-4EF7-9135-57071C7A193B}.Release|Any CPU.ActiveCfg = Release|Any CPU
		{CA7CD51C-AE30-4EF7-9135-57071C7A193B}.Release|Any CPU.Build.0 = Release|Any CPU
		{D2363E4A-3102-42E9-BC9A-3CCE5CEEF4A0}.Debug|Any CPU.ActiveCfg = Debug|Any CPU
		{D2363E4A-3102-42E9-BC9A-3CCE5CEEF4A0}.Debug|Any CPU.Build.0 = Debug|Any CPU
		{D2363E4A-3102-42E9-BC9A-3CCE5CEEF4A0}.Release|Any CPU.ActiveCfg = Release|Any CPU
		{D2363E4A-3102-42E9-BC9A-3CCE5CEEF4A0}.Release|Any CPU.Build.0 = Release|Any CPU
	EndGlobalSection
	GlobalSection(SolutionProperties) = preSolution
		HideSolutionNode = FALSE
	EndGlobalSection
	GlobalSection(NestedProjects) = preSolution
		{B05900E0-96B8-44EF-9843-AFC62B9E25F0} = {D2AB77EF-0444-4C55-A53E-0833E045422A}
		{A7E40F85-8B46-45B0-9314-5D200068EE9A} = {D2AB77EF-0444-4C55-A53E-0833E045422A}
		{E4786165-8FE1-4CA1-BB5B-CC1E561CBE70} = {D2AB77EF-0444-4C55-A53E-0833E045422A}
		{13F0422B-E6A9-41C6-979D-75842F754896} = {8414460E-CAC9-43D9-9559-67659A449911}
		{EA6D0649-E7D2-4649-92C1-4BA30DA2AF78} = {8414460E-CAC9-43D9-9559-67659A449911}
		{C1AD17F1-BE06-4EDE-9A2E-3ACEF71CA1B6} = {86C6ED39-76EB-4C72-B00B-C86B012C6FB1}
		{E7B02B42-DCC8-4FA1-8B4F-057000FDDFE3} = {86C6ED39-76EB-4C72-B00B-C86B012C6FB1}
		{92F3F5F2-2B2F-4325-8D99-E2C4462D9532} = {86C6ED39-76EB-4C72-B00B-C86B012C6FB1}
		{F78576DC-16A3-4A98-B855-FEB6C55B862D} = {DB02C2E5-BE2B-49EA-ADB5-10E6A642F2C2}
		{43FB075E-C0FA-4762-A3A3-AE87FC07A640} = {DB02C2E5-BE2B-49EA-ADB5-10E6A642F2C2}
		{70E25BAE-71A4-4541-9857-8D4FB697C04C} = {DB02C2E5-BE2B-49EA-ADB5-10E6A642F2C2}
		{CA7CD51C-AE30-4EF7-9135-57071C7A193B} = {39266E34-99D4-4993-8D1F-D6FBF9EED209}
		{D2363E4A-3102-42E9-BC9A-3CCE5CEEF4A0} = {39266E34-99D4-4993-8D1F-D6FBF9EED209}
	EndGlobalSection
	GlobalSection(ExtensibilityGlobals) = postSolution
		SolutionGuid = {861391AF-2828-474F-A49E-1E0A1AD827AA}
	EndGlobalSection
EndGlobal
