
Microsoft Visual Studio Solution File, Format Version 12.00
# Visual Studio Version 17
VisualStudioVersion = 17.0.31903.59
MinimumVisualStudioVersion = 10.0.40219.1
Project("{2150E333-8FDC-42A3-9474-1A3956D46DE8}") = "Web", "Web", "{D2AB77EF-0444-4C55-A53E-0833E045422A}"
EndProject
Project("{2150E333-8FDC-42A3-9474-1A3956D46DE8}") = "Orders", "Orders", "{86C6ED39-76EB-4C72-B00B-C86B012C6FB1}"
EndProject
Project("{2150E333-8FDC-42A3-9474-1A3956D46DE8}") = "Payments", "Payments", "{8414460E-CAC9-43D9-9559-67659A449911}"
EndProject
Project("{2150E333-8FDC-42A3-9474-1A3956D46DE8}") = "Kitchen", "Kitchen", "{39266E34-99D4-4993-8D1F-D6FBF9EED209}"
EndProject
Project("{2150E333-8FDC-42A3-9474-1A3956D46DE8}") = "Worker", "Worker", "{C8B55316-AD27-49E9-BF53-1D64A97662E3}"
EndProject
Project("{2150E333-8FDC-42A3-9474-1A3956D46DE8}") = "Notifications", "Notifications", "{1ABDF4E3-4AC8-4C2B-B1F9-97C79A5EEDCE}"
EndProject
Project("{9A19103F-16F7-4668-BE54-9A1E7A4F7556}") = "Orders", "Orders\Orders\Orders.csproj", "{FEDAA5E9-B4CA-4084-9D43-FE8377BF925B}"
EndProject
Project("{2150E333-8FDC-42A3-9474-1A3956D46DE8}") = "Menu", "Menu", "{DB02C2E5-BE2B-49EA-ADB5-10E6A642F2C2}"
EndProject
Project("{2150E333-8FDC-42A3-9474-1A3956D46DE8}") = "SolutionItems", "SolutionItems", "{13B32E02-3FFF-4EAB-A6BA-FB4E6C37FD7B}"
	ProjectSection(SolutionItems) = preProject
		docker-compose.yml = docker-compose.yml
	EndProjectSection
EndProject
Project("{9A19103F-16F7-4668-BE54-9A1E7A4F7556}") = "Web", "Web\Web.csproj", "{F00AAF8C-2D03-430F-A81F-D65947837083}"
EndProject
Project("{9A19103F-16F7-4668-BE54-9A1E7A4F7556}") = "Menu", "Menu\Menu.csproj", "{233105DF-689F-4FAF-A7B3-D76F40FC146E}"
EndProject
Project("{9A19103F-16F7-4668-BE54-9A1E7A4F7556}") = "Menu.Tests", "Menu.Tests\Menu.Tests.csproj", "{6E3A134F-D234-45B9-844E-D94DA4E793C0}"
EndProject
Project("{9A19103F-16F7-4668-BE54-9A1E7A4F7556}") = "Menu.Contracts", "Menu.Contracts\Menu.Contracts.csproj", "{4214724B-A731-43DE-A824-4D65699AE3C0}"
EndProject
Project("{9A19103F-16F7-4668-BE54-9A1E7A4F7556}") = "Orders.Tests", "Orders.Tests\Orders.Tests.csproj", "{70D826FB-6BD6-45D6-AC99-B425EFEB6383}"
EndProject
Project("{9A19103F-16F7-4668-BE54-9A1E7A4F7556}") = "Orders.Contracts", "Orders.Contracts\Orders.Contracts.csproj", "{761BEEE9-24E8-4FF2-8760-10D179B32F8E}"
EndProject
Project("{9A19103F-16F7-4668-BE54-9A1E7A4F7556}") = "Payments", "Payments\Payments.csproj", "{CBDE4771-2F60-488F-9A73-778FEDF9665D}"
EndProject
Project("{FAE04EC0-301F-11D3-BF4B-00C04F79EFBC}") = "Payments.Contracts", "Payment.Contracts\Payments.Contracts.csproj", "{5F3DC0FB-EF13-41C5-921E-01C722AC117C}"
EndProject
Global
	GlobalSection(SolutionConfigurationPlatforms) = preSolution
		Debug|Any CPU = Debug|Any CPU
		Release|Any CPU = Release|Any CPU
	EndGlobalSection
	GlobalSection(ProjectConfigurationPlatforms) = postSolution
		{FEDAA5E9-B4CA-4084-9D43-FE8377BF925B}.Debug|Any CPU.ActiveCfg = Debug|Any CPU
		{FEDAA5E9-B4CA-4084-9D43-FE8377BF925B}.Debug|Any CPU.Build.0 = Debug|Any CPU
		{FEDAA5E9-B4CA-4084-9D43-FE8377BF925B}.Release|Any CPU.ActiveCfg = Release|Any CPU
		{FEDAA5E9-B4CA-4084-9D43-FE8377BF925B}.Release|Any CPU.Build.0 = Release|Any CPU
		{F00AAF8C-2D03-430F-A81F-D65947837083}.Debug|Any CPU.ActiveCfg = Debug|Any CPU
		{F00AAF8C-2D03-430F-A81F-D65947837083}.Debug|Any CPU.Build.0 = Debug|Any CPU
		{F00AAF8C-2D03-430F-A81F-D65947837083}.Release|Any CPU.ActiveCfg = Release|Any CPU
		{F00AAF8C-2D03-430F-A81F-D65947837083}.Release|Any CPU.Build.0 = Release|Any CPU
		{233105DF-689F-4FAF-A7B3-D76F40FC146E}.Debug|Any CPU.ActiveCfg = Debug|Any CPU
		{233105DF-689F-4FAF-A7B3-D76F40FC146E}.Debug|Any CPU.Build.0 = Debug|Any CPU
		{233105DF-689F-4FAF-A7B3-D76F40FC146E}.Release|Any CPU.ActiveCfg = Release|Any CPU
		{233105DF-689F-4FAF-A7B3-D76F40FC146E}.Release|Any CPU.Build.0 = Release|Any CPU
		{6E3A134F-D234-45B9-844E-D94DA4E793C0}.Debug|Any CPU.ActiveCfg = Debug|Any CPU
		{6E3A134F-D234-45B9-844E-D94DA4E793C0}.Debug|Any CPU.Build.0 = Debug|Any CPU
		{6E3A134F-D234-45B9-844E-D94DA4E793C0}.Release|Any CPU.ActiveCfg = Release|Any CPU
		{6E3A134F-D234-45B9-844E-D94DA4E793C0}.Release|Any CPU.Build.0 = Release|Any CPU
		{4214724B-A731-43DE-A824-4D65699AE3C0}.Debug|Any CPU.ActiveCfg = Debug|Any CPU
		{4214724B-A731-43DE-A824-4D65699AE3C0}.Debug|Any CPU.Build.0 = Debug|Any CPU
		{4214724B-A731-43DE-A824-4D65699AE3C0}.Release|Any CPU.ActiveCfg = Release|Any CPU
		{4214724B-A731-43DE-A824-4D65699AE3C0}.Release|Any CPU.Build.0 = Release|Any CPU
		{70D826FB-6BD6-45D6-AC99-B425EFEB6383}.Debug|Any CPU.ActiveCfg = Debug|Any CPU
		{70D826FB-6BD6-45D6-AC99-B425EFEB6383}.Debug|Any CPU.Build.0 = Debug|Any CPU
		{70D826FB-6BD6-45D6-AC99-B425EFEB6383}.Release|Any CPU.ActiveCfg = Release|Any CPU
		{70D826FB-6BD6-45D6-AC99-B425EFEB6383}.Release|Any CPU.Build.0 = Release|Any CPU
		{761BEEE9-24E8-4FF2-8760-10D179B32F8E}.Debug|Any CPU.ActiveCfg = Debug|Any CPU
		{761BEEE9-24E8-4FF2-8760-10D179B32F8E}.Debug|Any CPU.Build.0 = Debug|Any CPU
		{761BEEE9-24E8-4FF2-8760-10D179B32F8E}.Release|Any CPU.ActiveCfg = Release|Any CPU
		{761BEEE9-24E8-4FF2-8760-10D179B32F8E}.Release|Any CPU.Build.0 = Release|Any CPU
		{CBDE4771-2F60-488F-9A73-778FEDF9665D}.Debug|Any CPU.ActiveCfg = Debug|Any CPU
		{CBDE4771-2F60-488F-9A73-778FEDF9665D}.Debug|Any CPU.Build.0 = Debug|Any CPU
		{CBDE4771-2F60-488F-9A73-778FEDF9665D}.Release|Any CPU.ActiveCfg = Release|Any CPU
		{CBDE4771-2F60-488F-9A73-778FEDF9665D}.Release|Any CPU.Build.0 = Release|Any CPU
		{5F3DC0FB-EF13-41C5-921E-01C722AC117C}.Debug|Any CPU.ActiveCfg = Debug|Any CPU
		{5F3DC0FB-EF13-41C5-921E-01C722AC117C}.Debug|Any CPU.Build.0 = Debug|Any CPU
		{5F3DC0FB-EF13-41C5-921E-01C722AC117C}.Release|Any CPU.ActiveCfg = Release|Any CPU
		{5F3DC0FB-EF13-41C5-921E-01C722AC117C}.Release|Any CPU.Build.0 = Release|Any CPU
	EndGlobalSection
	GlobalSection(SolutionProperties) = preSolution
		HideSolutionNode = FALSE
	EndGlobalSection
	GlobalSection(NestedProjects) = preSolution
		{FEDAA5E9-B4CA-4084-9D43-FE8377BF925B} = {86C6ED39-76EB-4C72-B00B-C86B012C6FB1}
		{F00AAF8C-2D03-430F-A81F-D65947837083} = {D2AB77EF-0444-4C55-A53E-0833E045422A}
		{233105DF-689F-4FAF-A7B3-D76F40FC146E} = {DB02C2E5-BE2B-49EA-ADB5-10E6A642F2C2}
		{6E3A134F-D234-45B9-844E-D94DA4E793C0} = {DB02C2E5-BE2B-49EA-ADB5-10E6A642F2C2}
		{4214724B-A731-43DE-A824-4D65699AE3C0} = {DB02C2E5-BE2B-49EA-ADB5-10E6A642F2C2}
		{70D826FB-6BD6-45D6-AC99-B425EFEB6383} = {86C6ED39-76EB-4C72-B00B-C86B012C6FB1}
		{761BEEE9-24E8-4FF2-8760-10D179B32F8E} = {86C6ED39-76EB-4C72-B00B-C86B012C6FB1}
		{CBDE4771-2F60-488F-9A73-778FEDF9665D} = {8414460E-CAC9-43D9-9559-67659A449911}
		{5F3DC0FB-EF13-41C5-921E-01C722AC117C} = {8414460E-CAC9-43D9-9559-67659A449911}
	EndGlobalSection
	GlobalSection(ExtensibilityGlobals) = postSolution
		SolutionGuid = {861391AF-2828-474F-A49E-1E0A1AD827AA}
	EndGlobalSection
EndGlobal
